{
	"name": "jsnote-hmb",
	"version": "1.0.0",
	"lockfileVersion": 1,
	"requires": true,
	"dependencies": {
		"@types/node": {
			"version": "16.3.3",
			"resolved": "https://registry.npmjs.org/@types/node/-/node-16.3.3.tgz",
			"integrity": "sha512-8h7k1YgQKxKXWckzFCMfsIwn0Y61UK6tlD6y2lOb3hTOIMlK3t9/QwHOhc81TwU+RMf0As5fj7NPjroERCnejQ=="
		},
		"commander": {
			"version": "8.0.0",
			"resolved": "https://registry.npmjs.org/commander/-/commander-8.0.0.tgz",
			"integrity": "sha512-Xvf85aAtu6v22+E5hfVoLHqyul/jyxh91zvqk/ioJTQuJR7Z78n7H558vMPKanPSRgIEeZemT92I2g9Y8LPbSQ==",
			"dev": true
		},
		"esbuild": {
			"version": "0.8.2",
			"resolved": "https://registry.npmjs.org/esbuild/-/esbuild-0.8.2.tgz",
			"integrity": "sha512-kR3+OtVSx8cRDmz4PcfQU4FsXnfhiBfJzAV3nX4oK84pH5y7HaGKiTKBl4e7lKzFSiHo05Lzpo2r2B89u5Vspg==",
			"dev": true
		},
		"typescript": {
			"version": "4.3.5",
			"resolved": "https://registry.npmjs.org/typescript/-/typescript-4.3.5.tgz",
			"integrity": "sha512-DqQgihaQ9cUrskJo9kIyW/+g0Vxsk8cDtZ52a3NGh0YNTfpUSArXSohyUGnvbPazEPLu398C0UxmKSOrPumUzA==",
			"dev": true
		}
	}
}
